
Microsoft Visual Studio Solution File, Format Version 12.00
# Visual Studio Version 17
VisualStudioVersion = 17.14.36623.8 d17.14
MinimumVisualStudioVersion = 10.0.40219.1
Project("{FAE04EC0-301F-11D3-BF4B-00C04F79EFBC}") = "MangoTaikaDistrict", "MangoTaikaDistrict.csproj", "{64AB7A5C-2F87-5ED1-0670-5825F935E5BB}"
EndProject
Global
	GlobalSection(SolutionConfigurationPlatforms) = preSolution
		Debug|Any CPU = Debug|Any CPU
		Release|Any CPU = Release|Any CPU
	EndGlobalSection
	GlobalSection(ProjectConfigurationPlatforms) = postSolution
		{64AB7A5C-2F87-5ED1-0670-5825F935E5BB}.Debug|Any CPU.ActiveCfg = Debug|Any CPU
		{64AB7A5C-2F87-5ED1-0670-5825F935E5BB}.Debug|Any CPU.Build.0 = Debug|Any CPU
		{64AB7A5C-2F87-5ED1-0670-5825F935E5BB}.Release|Any CPU.ActiveCfg = Release|Any CPU
		{64AB7A5C-2F87-5ED1-0670-5825F935E5BB}.Release|Any CPU.Build.0 = Release|Any CPU
	EndGlobalSection
	GlobalSection(SolutionProperties) = preSolution
		HideSolutionNode = FALSE
	EndGlobalSection
	GlobalSection(ExtensibilityGlobals) = postSolution
		SolutionGuid = {5917244D-2C73-42B4-8771-D644DDA81900}
	EndGlobalSection
EndGlobal
